// !$*UTF8*$!
{
	archiveVersion = 1;
	classes = {
	};
	objectVersion = 46;
	objects = {

/* Begin PBXBuildFile section */
		DF75A1801E065A5900BAF7BB /* AppDelegate.swift in Sources */ = {isa = PBXBuildFile; fileRef = DF75A17F1E065A5900BAF7BB /* AppDelegate.swift */; };
		DF75A1821E065A5900BAF7BB /* RecordSoundsViewController.swift in Sources */ = {isa = PBXBuildFile; fileRef = DF75A1811E065A5900BAF7BB /* RecordSoundsViewController.swift */; };
		DF75A1851E065A5900BAF7BB /* Main.storyboard in Resources */ = {isa = PBXBuildFile; fileRef = DF75A1831E065A5900BAF7BB /* Main.storyboard */; };
		DF75A1871E065A5900BAF7BB /* Assets.xcassets in Resources */ = {isa = PBXBuildFile; fileRef = DF75A1861E065A5900BAF7BB /* Assets.xcassets */; };
		DF75A18A1E065A5900BAF7BB /* LaunchScreen.storyboard in Resources */ = {isa = PBXBuildFile; fileRef = DF75A1881E065A5900BAF7BB /* LaunchScreen.storyboard */; };
		DF75A1951E065A5A00BAF7BB /* PitchPerfectTests.swift in Sources */ = {isa = PBXBuildFile; fileRef = DF75A1941E065A5A00BAF7BB /* PitchPerfectTests.swift */; };
		DF75A1A01E065A5A00BAF7BB /* PitchPerfectUITests.swift in Sources */ = {isa = PBXBuildFile; fileRef = DF75A19F1E065A5A00BAF7BB /* PitchPerfectUITests.swift */; };
		DF75A1B21E0809AA00BAF7BB /* PlaySoundsViewController.swift in Sources */ = {isa = PBXBuildFile; fileRef = DF75A1B11E0809AA00BAF7BB /* PlaySoundsViewController.swift */; };
/* End PBXBuildFile section */

/* Begin PBXContainerItemProxy section */
		DF75A1911E065A5900BAF7BB /* PBXContainerItemProxy */ = {
			isa = PBXContainerItemProxy;
			containerPortal = DF75A1741E065A5900BAF7BB /* Project object */;
			proxyType = 1;
			remoteGlobalIDString = DF75A17B1E065A5900BAF7BB;
			remoteInfo = PitchPerfect;
		};
		DF75A19C1E065A5A00BAF7BB /* PBXContainerItemProxy */ = {
			isa = PBXContainerItemProxy;
			containerPortal = DF75A1741E065A5900BAF7BB /* Project object */;
			proxyType = 1;
			remoteGlobalIDString = DF75A17B1E065A5900BAF7BB;
			remoteInfo = PitchPerfect;
		};
/* End PBXContainerItemProxy section */

/* Begin PBXFileReference section */
		DF75A17C1E065A5900BAF7BB /* PitchPerfect.app */ = {isa = PBXFileReference; explicitFileType = wrapper.application; includeInIndex = 0; path = PitchPerfect.app; sourceTree = BUILT_PRODUCTS_DIR; };
		DF75A17F1E065A5900BAF7BB /* AppDelegate.swift */ = {isa = PBXFileReference; lastKnownFileType = sourcecode.swift; path = AppDelegate.swift; sourceTree = "<group>"; };
		DF75A1811E065A5900BAF7BB /* RecordSoundsViewController.swift */ = {isa = PBXFileReference; lastKnownFileType = sourcecode.swift; path = RecordSoundsViewController.swift; sourceTree = "<group>"; };
		DF75A1841E065A5900BAF7BB /* Base */ = {isa = PBXFileReference; lastKnownFileType = file.storyboard; name = Base; path = Base.lproj/Main.storyboard; sourceTree = "<group>"; };
		DF75A1861E065A5900BAF7BB /* Assets.xcassets */ = {isa = PBXFileReference; lastKnownFileType = folder.assetcatalog; path = Assets.xcassets; sourceTree = "<group>"; };
		DF75A1891E065A5900BAF7BB /* Base */ = {isa = PBXFileReference; lastKnownFileType = file.storyboard; name = Base; path = Base.lproj/LaunchScreen.storyboard; sourceTree = "<group>"; };
		DF75A18B1E065A5900BAF7BB /* Info.plist */ = {isa = PBXFileReference; lastKnownFileType = text.plist.xml; path = Info.plist; sourceTree = "<group>"; };
		DF75A1901E065A5900BAF7BB /* PitchPerfectTests.xctest */ = {isa = PBXFileReference; explicitFileType = wrapper.cfbundle; includeInIndex = 0; path = PitchPerfectTests.xctest; sourceTree = BUILT_PRODUCTS_DIR; };
		DF75A1941E065A5A00BAF7BB /* PitchPerfectTests.swift */ = {isa = PBXFileReference; lastKnownFileType = sourcecode.swift; path = PitchPerfectTests.swift; sourceTree = "<group>"; };
		DF75A1961E065A5A00BAF7BB /* Info.plist */ = {isa = PBXFileReference; lastKnownFileType = text.plist.xml; path = Info.plist; sourceTree = "<group>"; };
		DF75A19B1E065A5A00BAF7BB /* PitchPerfectUITests.xctest */ = {isa = PBXFileReference; explicitFileType = wrapper.cfbundle; includeInIndex = 0; path = PitchPerfectUITests.xctest; sourceTree = BUILT_PRODUCTS_DIR; };
		DF75A19F1E065A5A00BAF7BB /* PitchPerfectUITests.swift */ = {isa = PBXFileReference; lastKnownFileType = sourcecode.swift; path = PitchPerfectUITests.swift; sourceTree = "<group>"; };
		DF75A1A11E065A5A00BAF7BB /* Info.plist */ = {isa = PBXFileReference; lastKnownFileType = text.plist.xml; path = Info.plist; sourceTree = "<group>"; };
		DF75A1B11E0809AA00BAF7BB /* PlaySoundsViewController.swift */ = {isa = PBXFileReference; fileEncoding = 4; lastKnownFileType = sourcecode.swift; path = PlaySoundsViewController.swift; sourceTree = "<group>"; };
/* End PBXFileReference section */

/* Begin PBXFrameworksBuildPhase section */
		DF75A1791E065A5900BAF7BB /* Frameworks */ = {
			isa = PBXFrameworksBuildPhase;
			buildActionMask = 2147483647;
			files = (
			);
			runOnlyForDeploymentPostprocessing = 0;
		};
		DF75A18D1E065A5900BAF7BB /* Frameworks */ = {
			isa = PBXFrameworksBuildPhase;
			buildActionMask = 2147483647;
			files = (
			);
			runOnlyForDeploymentPostprocessing = 0;
		};
		DF75A1981E065A5A00BAF7BB /* Frameworks */ = {
			isa = PBXFrameworksBuildPhase;
			buildActionMask = 2147483647;
			files = (
			);
			runOnlyForDeploymentPostprocessing = 0;
		};
/* End PBXFrameworksBuildPhase section */

/* Begin PBXGroup section */
		DF75A1731E065A5900BAF7BB = {
			isa = PBXGroup;
			children = (
				DF75A17E1E065A5900BAF7BB /* PitchPerfect */,
				DF75A1931E065A5A00BAF7BB /* PitchPerfectTests */,
				DF75A19E1E065A5A00BAF7BB /* PitchPerfectUITests */,
				DF75A17D1E065A5900BAF7BB /* Products */,
			);
			sourceTree = "<group>";
		};
		DF75A17D1E065A5900BAF7BB /* Products */ = {
			isa = PBXGroup;
			children = (
				DF75A17C1E065A5900BAF7BB /* PitchPerfect.app */,
				DF75A1901E065A5900BAF7BB /* PitchPerfectTests.xctest */,
				DF75A19B1E065A5A00BAF7BB /* PitchPerfectUITests.xctest */,
			);
			name = Products;
			sourceTree = "<group>";
		};
		DF75A17E1E065A5900BAF7BB /* PitchPerfect */ = {
			isa = PBXGroup;
			children = (
				DF75A17F1E065A5900BAF7BB /* AppDelegate.swift */,
				DF75A1811E065A5900BAF7BB /* RecordSoundsViewController.swift */,
				DF75A1831E065A5900BAF7BB /* Main.storyboard */,
				DF75A1861E065A5900BAF7BB /* Assets.xcassets */,
				DF75A1881E065A5900BAF7BB /* LaunchScreen.storyboard */,
				DF75A18B1E065A5900BAF7BB /* Info.plist */,
				DF75A1B11E0809AA00BAF7BB /* PlaySoundsViewController.swift */,
			);
			path = PitchPerfect;
			sourceTree = "<group>";
		};
		DF75A1931E065A5A00BAF7BB /* PitchPerfectTests */ = {
			isa = PBXGroup;
			children = (
				DF75A1941E065A5A00BAF7BB /* PitchPerfectTests.swift */,
				DF75A1961E065A5A00BAF7BB /* Info.plist */,
			);
			path = PitchPerfectTests;
			sourceTree = "<group>";
		};
		DF75A19E1E065A5A00BAF7BB /* PitchPerfectUITests */ = {
			isa = PBXGroup;
			children = (
				DF75A19F1E065A5A00BAF7BB /* PitchPerfectUITests.swift */,
				DF75A1A11E065A5A00BAF7BB /* Info.plist */,
			);
			path = PitchPerfectUITests;
			sourceTree = "<group>";
		};
/* End PBXGroup section */

/* Begin PBXNativeTarget section */
		DF75A17B1E065A5900BAF7BB /* PitchPerfect */ = {
			isa = PBXNativeTarget;
			buildConfigurationList = DF75A1A41E065A5A00BAF7BB /* Build configuration list for PBXNativeTarget "PitchPerfect" */;
			buildPhases = (
				DF75A1781E065A5900BAF7BB /* Sources */,
				DF75A1791E065A5900BAF7BB /* Frameworks */,
				DF75A17A1E065A5900BAF7BB /* Resources */,
			);
			buildRules = (
			);
			dependencies = (
			);
			name = PitchPerfect;
			productName = PitchPerfect;
			productReference = DF75A17C1E065A5900BAF7BB /* PitchPerfect.app */;
			productType = "com.apple.product-type.application";
		};
		DF75A18F1E065A5900BAF7BB /* PitchPerfectTests */ = {
			isa = PBXNativeTarget;
			buildConfigurationList = DF75A1A71E065A5A00BAF7BB /* Build configuration list for PBXNativeTarget "PitchPerfectTests" */;
			buildPhases = (
				DF75A18C1E065A5900BAF7BB /* Sources */,
				DF75A18D1E065A5900BAF7BB /* Frameworks */,
				DF75A18E1E065A5900BAF7BB /* Resources */,
			);
			buildRules = (
			);
			dependencies = (
				DF75A1921E065A5900BAF7BB /* PBXTargetDependency */,
			);
			name = PitchPerfectTests;
			productName = PitchPerfectTests;
			productReference = DF75A1901E065A5900BAF7BB /* PitchPerfectTests.xctest */;
			productType = "com.apple.product-type.bundle.unit-test";
		};
		DF75A19A1E065A5A00BAF7BB /* PitchPerfectUITests */ = {
			isa = PBXNativeTarget;
			buildConfigurationList = DF75A1AA1E065A5A00BAF7BB /* Build configuration list for PBXNativeTarget "PitchPerfectUITests" */;
			buildPhases = (
				DF75A1971E065A5A00BAF7BB /* Sources */,
				DF75A1981E065A5A00BAF7BB /* Frameworks */,
				DF75A1991E065A5A00BAF7BB /* Resources */,
			);
			buildRules = (
			);
			dependencies = (
				DF75A19D1E065A5A00BAF7BB /* PBXTargetDependency */,
			);
			name = PitchPerfectUITests;
			productName = PitchPerfectUITests;
			productReference = DF75A19B1E065A5A00BAF7BB /* PitchPerfectUITests.xctest */;
			productType = "com.apple.product-type.bundle.ui-testing";
		};
/* End PBXNativeTarget section */

/* Begin PBXProject section */
		DF75A1741E065A5900BAF7BB /* Project object */ = {
			isa = PBXProject;
			attributes = {
				LastSwiftUpdateCheck = 0820;
				LastUpgradeCheck = 0820;
				ORGANIZATIONNAME = "Chirag Aggarwal";
				TargetAttributes = {
					DF75A17B1E065A5900BAF7BB = {
						CreatedOnToolsVersion = 8.2;
						ProvisioningStyle = Automatic;
					};
					DF75A18F1E065A5900BAF7BB = {
						CreatedOnToolsVersion = 8.2;
						ProvisioningStyle = Automatic;
						TestTargetID = DF75A17B1E065A5900BAF7BB;
					};
					DF75A19A1E065A5A00BAF7BB = {
						CreatedOnToolsVersion = 8.2;
						ProvisioningStyle = Automatic;
						TestTargetID = DF75A17B1E065A5900BAF7BB;
					};
				};
			};
			buildConfigurationList = DF75A1771E065A5900BAF7BB /* Build configuration list for PBXProject "PitchPerfect" */;
			compatibilityVersion = "Xcode 3.2";
			developmentRegion = English;
			hasScannedForEncodings = 0;
			knownRegions = (
				en,
				Base,
			);
			mainGroup = DF75A1731E065A5900BAF7BB;
			productRefGroup = DF75A17D1E065A5900BAF7BB /* Products */;
			projectDirPath = "";
			projectRoot = "";
			targets = (
				DF75A17B1E065A5900BAF7BB /* PitchPerfect */,
				DF75A18F1E065A5900BAF7BB /* PitchPerfectTests */,
				DF75A19A1E065A5A00BAF7BB /* PitchPerfectUITests */,
			);
		};
/* End PBXProject section */

/* Begin PBXResourcesBuildPhase section */
		DF75A17A1E065A5900BAF7BB /* Resources */ = {
			isa = PBXResourcesBuildPhase;
			buildActionMask = 2147483647;
			files = (
				DF75A18A1E065A5900BAF7BB /* LaunchScreen.storyboard in Resources */,
				DF75A1871E065A5900BAF7BB /* Assets.xcassets in Resources */,
				DF75A1851E065A5900BAF7BB /* Main.storyboard in Resources */,
			);
			runOnlyForDeploymentPostprocessing = 0;
		};
		DF75A18E1E065A5900BAF7BB /* Resources */ = {
			isa = PBXResourcesBuildPhase;
			buildActionMask = 2147483647;
			files = (
			);
			runOnlyForDeploymentPostprocessing = 0;
		};
		DF75A1991E065A5A00BAF7BB /* Resources */ = {
			isa = PBXResourcesBuildPhase;
			buildActionMask = 2147483647;
			files = (
			);
			runOnlyForDeploymentPostprocessing = 0;
		};
/* End PBXResourcesBuildPhase section */

/* Begin PBXSourcesBuildPhase section */
		DF75A1781E065A5900BAF7BB /* Sources */ = {
			isa = PBXSourcesBuildPhase;
			buildActionMask = 2147483647;
			files = (
				DF75A1821E065A5900BAF7BB /* RecordSoundsViewController.swift in Sources */,
				DF75A1B21E0809AA00BAF7BB /* PlaySoundsViewController.swift in Sources */,
				DF75A1801E065A5900BAF7BB /* AppDelegate.swift in Sources */,
			);
			runOnlyForDeploymentPostprocessing = 0;
		};
		DF75A18C1E065A5900BAF7BB /* Sources */ = {
			isa = PBXSourcesBuildPhase;
			buildActionMask = 2147483647;
			files = (
				DF75A1951E065A5A00BAF7BB /* PitchPerfectTests.swift in Sources */,
			);
			runOnlyForDeploymentPostprocessing = 0;
		};
		DF75A1971E065A5A00BAF7BB /* Sources */ = {
			isa = PBXSourcesBuildPhase;
			buildActionMask = 2147483647;
			files = (
				DF75A1A01E065A5A00BAF7BB /* PitchPerfectUITests.swift in Sources */,
			);
			runOnlyForDeploymentPostprocessing = 0;
		};
/* End PBXSourcesBuildPhase section */

/* Begin PBXTargetDependency section */
		DF75A1921E065A5900BAF7BB /* PBXTargetDependency */ = {
			isa = PBXTargetDependency;
			target = DF75A17B1E065A5900BAF7BB /* PitchPerfect */;
			targetProxy = DF75A1911E065A5900BAF7BB /* PBXContainerItemProxy */;
		};
		DF75A19D1E065A5A00BAF7BB /* PBXTargetDependency */ = {
			isa = PBXTargetDependency;
			target = DF75A17B1E065A5900BAF7BB /* PitchPerfect */;
			targetProxy = DF75A19C1E065A5A00BAF7BB /* PBXContainerItemProxy */;
		};
/* End PBXTargetDependency section */

/* Begin PBXVariantGroup section */
		DF75A1831E065A5900BAF7BB /* Main.storyboard */ = {
			isa = PBXVariantGroup;
			children = (
				DF75A1841E065A5900BAF7BB /* Base */,
			);
			name = Main.storyboard;
			sourceTree = "<group>";
		};
		DF75A1881E065A5900BAF7BB /* LaunchScreen.storyboard */ = {
			isa = PBXVariantGroup;
			children = (
				DF75A1891E065A5900BAF7BB /* Base */,
			);
			name = LaunchScreen.storyboard;
			sourceTree = "<group>";
		};
/* End PBXVariantGroup section */

/* Begin XCBuildConfiguration section */
		DF75A1A21E065A5A00BAF7BB /* Debug */ = {
			isa = XCBuildConfiguration;
			buildSettings = {
				ALWAYS_SEARCH_USER_PATHS = NO;
				CLANG_ANALYZER_NONNULL = YES;
				CLANG_CXX_LANGUAGE_STANDARD = "gnu++0x";
				CLANG_CXX_LIBRARY = "libc++";
				CLANG_ENABLE_MODULES = YES;
				CLANG_ENABLE_OBJC_ARC = YES;
				CLANG_WARN_BOOL_CONVERSION = YES;
				CLANG_WARN_CONSTANT_CONVERSION = YES;
				CLANG_WARN_DIRECT_OBJC_ISA_USAGE = YES_ERROR;
				CLANG_WARN_DOCUMENTATION_COMMENTS = YES;
				CLANG_WARN_EMPTY_BODY = YES;
				CLANG_WARN_ENUM_CONVERSION = YES;
				CLANG_WARN_INFINITE_RECURSION = YES;
				CLANG_WARN_INT_CONVERSION = YES;
				CLANG_WARN_OBJC_ROOT_CLASS = YES_ERROR;
				CLANG_WARN_SUSPICIOUS_MOVE = YES;
				CLANG_WARN_UNREACHABLE_CODE = YES;
				CLANG_WARN__DUPLICATE_METHOD_MATCH = YES;
				"CODE_SIGN_IDENTITY[sdk=iphoneos*]" = "iPhone Developer";
				COPY_PHASE_STRIP = NO;
				DEBUG_INFORMATION_FORMAT = dwarf;
				ENABLE_STRICT_OBJC_MSGSEND = YES;
				ENABLE_TESTABILITY = YES;
				GCC_C_LANGUAGE_STANDARD = gnu99;
				GCC_DYNAMIC_NO_PIC = NO;
				GCC_NO_COMMON_BLOCKS = YES;
				GCC_OPTIMIZATION_LEVEL = 0;
				GCC_PREPROCESSOR_DEFINITIONS = (
					"DEBUG=1",
					"$(inherited)",
				);
				GCC_WARN_64_TO_32_BIT_CONVERSION = YES;
				GCC_WARN_ABOUT_RETURN_TYPE = YES_ERROR;
				GCC_WARN_UNDECLARED_SELECTOR = YES;
				GCC_WARN_UNINITIALIZED_AUTOS = YES_AGGRESSIVE;
				GCC_WARN_UNUSED_FUNCTION = YES;
				GCC_WARN_UNUSED_VARIABLE = YES;
				IPHONEOS_DEPLOYMENT_TARGET = 10.2;
				MTL_ENABLE_DEBUG_INFO = YES;
				ONLY_ACTIVE_ARCH = YES;
				SDKROOT = iphoneos;
				SWIFT_ACTIVE_COMPILATION_CONDITIONS = DEBUG;
				SWIFT_OPTIMIZATION_LEVEL = "-Onone";
				TARGETED_DEVICE_FAMILY = "1,2";
			};
			name = Debug;
		};
		DF75A1A31E065A5A00BAF7BB /* Release */ = {
			isa = XCBuildConfiguration;
			buildSettings = {
				ALWAYS_SEARCH_USER_PATHS = NO;
				CLANG_ANALYZER_NONNULL = YES;
				CLANG_CXX_LANGUAGE_STANDARD = "gnu++0x";
				CLANG_CXX_LIBRARY = "libc++";
				CLANG_ENABLE_MODULES = YES;
				CLANG_ENABLE_OBJC_ARC = YES;
				CLANG_WARN_BOOL_CONVERSION = YES;
				CLANG_WARN_CONSTANT_CONVERSION = YES;
				CLANG_WARN_DIRECT_OBJC_ISA_USAGE = YES_ERROR;
				CLANG_WARN_DOCUMENTATION_COMMENTS = YES;
				CLANG_WARN_EMPTY_BODY = YES;
				CLANG_WARN_ENUM_CONVERSION = YES;
				CLANG_WARN_INFINITE_RECURSION = YES;
				CLANG_WARN_INT_CONVERSION = YES;
				CLANG_WARN_OBJC_ROOT_CLASS = YES_ERROR;
				CLANG_WARN_SUSPICIOUS_MOVE = YES;
				CLANG_WARN_UNREACHABLE_CODE = YES;
				CLANG_WARN__DUPLICATE_METHOD_MATCH = YES;
				"CODE_SIGN_IDENTITY[sdk=iphoneos*]" = "iPhone Developer";
				COPY_PHASE_STRIP = NO;
				DEBUG_INFORMATION_FORMAT = "dwarf-with-dsym";
				ENABLE_NS_ASSERTIONS = NO;
				ENABLE_STRICT_OBJC_MSGSEND = YES;
				GCC_C_LANGUAGE_STANDARD = gnu99;
				GCC_NO_COMMON_BLOCKS = YES;
				GCC_WARN_64_TO_32_BIT_CONVERSION = YES;
				GCC_WARN_ABOUT_RETURN_TYPE = YES_ERROR;
				GCC_WARN_UNDECLARED_SELECTOR = YES;
				GCC_WARN_UNINITIALIZED_AUTOS = YES_AGGRESSIVE;
				GCC_WARN_UNUSED_FUNCTION = YES;
				GCC_WARN_UNUSED_VARIABLE = YES;
				IPHONEOS_DEPLOYMENT_TARGET = 10.2;
				MTL_ENABLE_DEBUG_INFO = NO;
				SDKROOT = iphoneos;
				SWIFT_OPTIMIZATION_LEVEL = "-Owholemodule";
				TARGETED_DEVICE_FAMILY = "1,2";
				VALIDATE_PRODUCT = YES;
			};
			name = Release;
		};
		DF75A1A51E065A5A00BAF7BB /* Debug */ = {
			isa = XCBuildConfiguration;
			buildSettings = {
				ASSETCATALOG_COMPILER_APPICON_NAME = AppIcon;
				INFOPLIST_FILE = PitchPerfect/Info.plist;
				LD_RUNPATH_SEARCH_PATHS = "$(inherited) @executable_path/Frameworks";
				PRODUCT_BUNDLE_IDENTIFIER = net.chiragaggarwal.PitchPerfect;
				PRODUCT_NAME = "$(TARGET_NAME)";
				SWIFT_VERSION = 3.0;
			};
			name = Debug;
		};
		DF75A1A61E065A5A00BAF7BB /* Release */ = {
			isa = XCBuildConfiguration;
			buildSettings = {
				ASSETCATALOG_COMPILER_APPICON_NAME = AppIcon;
				INFOPLIST_FILE = PitchPerfect/Info.plist;
				LD_RUNPATH_SEARCH_PATHS = "$(inherited) @executable_path/Frameworks";
				PRODUCT_BUNDLE_IDENTIFIER = net.chiragaggarwal.PitchPerfect;
				PRODUCT_NAME = "$(TARGET_NAME)";
				SWIFT_VERSION = 3.0;
			};
			name = Release;
		};
		DF75A1A81E065A5A00BAF7BB /* Debug */ = {
			isa = XCBuildConfiguration;
			buildSettings = {
				ALWAYS_EMBED_SWIFT_STANDARD_LIBRARIES = YES;
				BUNDLE_LOADER = "$(TEST_HOST)";
				INFOPLIST_FILE = PitchPerfectTests/Info.plist;
				LD_RUNPATH_SEARCH_PATHS = "$(inherited) @executable_path/Frameworks @loader_path/Frameworks";
				PRODUCT_BUNDLE_IDENTIFIER = net.chiragaggarwal.PitchPerfectTests;
				PRODUCT_NAME = "$(TARGET_NAME)";
				SWIFT_VERSION = 3.0;
				TEST_HOST = "$(BUILT_PRODUCTS_DIR)/PitchPerfect.app/PitchPerfect";
			};
			name = Debug;
		};
		DF75A1A91E065A5A00BAF7BB /* Release */ = {
			isa = XCBuildConfiguration;
			buildSettings = {
				ALWAYS_EMBED_SWIFT_STANDARD_LIBRARIES = YES;
				BUNDLE_LOADER = "$(TEST_HOST)";
				INFOPLIST_FILE = PitchPerfectTests/Info.plist;
				LD_RUNPATH_SEARCH_PATHS = "$(inherited) @executable_path/Frameworks @loader_path/Frameworks";
				PRODUCT_BUNDLE_IDENTIFIER = net.chiragaggarwal.PitchPerfectTests;
				PRODUCT_NAME = "$(TARGET_NAME)";
				SWIFT_VERSION = 3.0;
				TEST_HOST = "$(BUILT_PRODUCTS_DIR)/PitchPerfect.app/PitchPerfect";
			};
			name = Release;
		};
		DF75A1AB1E065A5A00BAF7BB /* Debug */ = {
			isa = XCBuildConfiguration;
			buildSettings = {
				ALWAYS_EMBED_SWIFT_STANDARD_LIBRARIES = YES;
				INFOPLIST_FILE = PitchPerfectUITests/Info.plist;
				LD_RUNPATH_SEARCH_PATHS = "$(inherited) @executable_path/Frameworks @loader_path/Frameworks";
				PRODUCT_BUNDLE_IDENTIFIER = net.chiragaggarwal.PitchPerfectUITests;
				PRODUCT_NAME = "$(TARGET_NAME)";
				SWIFT_VERSION = 3.0;
				TEST_TARGET_NAME = PitchPerfect;
			};
			name = Debug;
		};
		DF75A1AC1E065A5A00BAF7BB /* Release */ = {
			isa = XCBuildConfiguration;
			buildSettings = {
				ALWAYS_EMBED_SWIFT_STANDARD_LIBRARIES = YES;
				INFOPLIST_FILE = PitchPerfectUITests/Info.plist;
				LD_RUNPATH_SEARCH_PATHS = "$(inherited) @executable_path/Frameworks @loader_path/Frameworks";
				PRODUCT_BUNDLE_IDENTIFIER = net.chiragaggarwal.PitchPerfectUITests;
				PRODUCT_NAME = "$(TARGET_NAME)";
				SWIFT_VERSION = 3.0;
				TEST_TARGET_NAME = PitchPerfect;
			};
			name = Release;
		};
/* End XCBuildConfiguration section */

/* Begin XCConfigurationList section */
		DF75A1771E065A5900BAF7BB /* Build configuration list for PBXProject "PitchPerfect" */ = {
			isa = XCConfigurationList;
			buildConfigurations = (
				DF75A1A21E065A5A00BAF7BB /* Debug */,
				DF75A1A31E065A5A00BAF7BB /* Release */,
			);
			defaultConfigurationIsVisible = 0;
			defaultConfigurationName = Release;
		};
		DF75A1A41E065A5A00BAF7BB /* Build configuration list for PBXNativeTarget "PitchPerfect" */ = {
			isa = XCConfigurationList;
			buildConfigurations = (
				DF75A1A51E065A5A00BAF7BB /* Debug */,
				DF75A1A61E065A5A00BAF7BB /* Release */,
			);
			defaultConfigurationIsVisible = 0;
			defaultConfigurationName = Release;
		};
		DF75A1A71E065A5A00BAF7BB /* Build configuration list for PBXNativeTarget "PitchPerfectTests" */ = {
			isa = XCConfigurationList;
			buildConfigurations = (
				DF75A1A81E065A5A00BAF7BB /* Debug */,
				DF75A1A91E065A5A00BAF7BB /* Release */,
			);
			defaultConfigurationIsVisible = 0;
			defaultConfigurationName = Release;
		};
		DF75A1AA1E065A5A00BAF7BB /* Build configuration list for PBXNativeTarget "PitchPerfectUITests" */ = {
			isa = XCConfigurationList;
			buildConfigurations = (
				DF75A1AB1E065A5A00BAF7BB /* Debug */,
				DF75A1AC1E065A5A00BAF7BB /* Release */,
			);
			defaultConfigurationIsVisible = 0;
			defaultConfigurationName = Release;
		};
/* End XCConfigurationList section */
	};
	rootObject = DF75A1741E065A5900BAF7BB /* Project object */;
}
